
Microsoft Visual Studio Solution File, Format Version 12.00
# Visual Studio Version 17
VisualStudioVersion = 17.13.35825.156 d17.13
MinimumVisualStudioVersion = 10.0.40219.1
Project("{FAE04EC0-301F-11D3-BF4B-00C04F79EFBC}") = "Inheritance_practice", "Inheritance_practice.csproj", "{814A8144-7290-4D08-AD1A-788D1D319F23}"
EndProject
Global
	GlobalSection(SolutionConfigurationPlatforms) = preSolution
		Debug|Any CPU = Debug|Any CPU
		Release|Any CPU = Release|Any CPU
	EndGlobalSection
	GlobalSection(ProjectConfigurationPlatforms) = postSolution
		{814A8144-7290-4D08-AD1A-788D1D319F23}.Debug|Any CPU.ActiveCfg = Debug|Any CPU
		{814A8144-7290-4D08-AD1A-788D1D319F23}.Debug|Any CPU.Build.0 = Debug|Any CPU
		{814A8144-7290-4D08-AD1A-788D1D319F23}.Release|Any CPU.ActiveCfg = Release|Any CPU
		{814A8144-7290-4D08-AD1A-788D1D319F23}.Release|Any CPU.Build.0 = Release|Any CPU
	EndGlobalSection
	GlobalSection(SolutionProperties) = preSolution
		HideSolutionNode = FALSE
	EndGlobalSection
	GlobalSection(ExtensibilityGlobals) = postSolution
		SolutionGuid = {A35A1CDC-4C17-44A4-80DE-56F9BB690766}
	EndGlobalSection
EndGlobal
